
Microsoft Visual Studio Solution File, Format Version 12.00
# Visual Studio Version 17
VisualStudioVersion = 17.8.34511.84
MinimumVisualStudioVersion = 10.0.40219.1
Project("{FAE04EC0-301F-11D3-BF4B-00C04F79EFBC}") = "proyectoBD", "proyectoBD.csproj", "{178E427A-24EF-495D-BD59-431CFE16FD3E}"
EndProject
Global
	GlobalSection(SolutionConfigurationPlatforms) = preSolution
		Debug|Any CPU = Debug|Any CPU
		Release|Any CPU = Release|Any CPU
	EndGlobalSection
	GlobalSection(ProjectConfigurationPlatforms) = postSolution
		{178E427A-24EF-495D-BD59-431CFE16FD3E}.Debug|Any CPU.ActiveCfg = Debug|Any CPU
		{178E427A-24EF-495D-BD59-431CFE16FD3E}.Debug|Any CPU.Build.0 = Debug|Any CPU
		{178E427A-24EF-495D-BD59-431CFE16FD3E}.Release|Any CPU.ActiveCfg = Release|Any CPU
		{178E427A-24EF-495D-BD59-431CFE16FD3E}.Release|Any CPU.Build.0 = Release|Any CPU
	EndGlobalSection
	GlobalSection(SolutionProperties) = preSolution
		HideSolutionNode = FALSE
	EndGlobalSection
	GlobalSection(ExtensibilityGlobals) = postSolution
		SolutionGuid = {F6991DFA-51C7-410C-9FD3-65B821BB2216}
	EndGlobalSection
EndGlobal
